{
  "requires": true,
  "lockfileVersion": 1,
  "dependencies": {
    "myra": {
      "version": "2.0.0-beta.9",
      "resolved": "https://registry.npmjs.org/myra/-/myra-2.0.0-beta.9.tgz",
      "integrity": "sha512-rxOz5bzKbx1dvXU3y3aVlWWuVxQW5n6HGIGb0NIG+914B8hGhWGbHNZr9SkXTtQcpSTF0/znLXAa6y6mTpJICw=="
    },
    "typescript": {
      "version": "2.4.1",
      "resolved": "https://registry.npmjs.org/typescript/-/typescript-2.4.1.tgz",
      "integrity": "sha1-w8yxbdqgsjFN4DHn5v7onlujRrw=",
      "dev": true
    }
  }
}
